# THIS IS AN AUTOGENERATED FILE. DO NOT EDIT THIS FILE DIRECTLY.
# yarn lockfile v1


"@playwright/test@^1.36.2":
  version "1.36.2"
  resolved "https://registry.yarnpkg.com/@playwright/test/-/test-1.36.2.tgz#9edd68a02b0929c5d78d9479a654ceb981dfb592"
  integrity sha512-2rVZeyPRjxfPH6J0oGJqE8YxiM1IBRyM8hyrXYK7eSiAqmbNhxwcLa7dZ7fy9Kj26V7FYia5fh9XJRq4Dqme+g==
  dependencies:
    "@types/node" "*"
    playwright-core "1.36.2"
  optionalDependencies:
    fsevents "2.3.2"

"@types/node@*":
  version "18.14.6"
  resolved "https://registry.yarnpkg.com/@types/node/-/node-18.14.6.tgz#ae1973dd2b1eeb1825695bb11ebfb746d27e3e93"
  integrity sha512-93+VvleD3mXwlLI/xASjw0FzKcwzl3OdTCzm1LaRfqgS21gfFtK3zDXM5Op9TeeMsJVOaJ2VRDpT9q4Y3d0AvA==

eslint-plugin-playwright@^0.15.3:
  version "0.15.3"
  resolved "https://registry.yarnpkg.com/eslint-plugin-playwright/-/eslint-plugin-playwright-0.15.3.tgz#9fd8753688351bcaf41797eb6a7df8807fd5eb1b"
  integrity sha512-LQMW5y0DLK5Fnpya7JR1oAYL2/7Y9wDiYw6VZqlKqcRGSgjbVKNqxraphk7ra1U3Bb5EK444xMgUlQPbMg2M1g==

fsevents@2.3.2:
  version "2.3.2"
  resolved "https://registry.yarnpkg.com/fsevents/-/fsevents-2.3.2.tgz#8a526f78b8fdf4623b709e0b975c52c24c02fd1a"
  integrity sha512-xiqMQR4xAeHTuB9uWm+fFRcIOgKBMiOBP+eXiyT7jsgVCq1bkVygt00oASowB7EdtpOHaaPgKt812P9ab+DDKA==

playwright-core@1.36.2:
  version "1.36.2"
  resolved "https://registry.yarnpkg.com/playwright-core/-/playwright-core-1.36.2.tgz#32382f2d96764c24c65a86ea336cf79721c2e50e"
  integrity sha512-sQYZt31dwkqxOrP7xy2ggDfEzUxM1lodjhsQ3NMMv5uGTRDsLxU0e4xf4wwMkF2gplIxf17QMBCodSFgm6bFVQ==

prettier@^3.0.1:
  version "3.0.1"
  resolved "https://registry.yarnpkg.com/prettier/-/prettier-3.0.1.tgz#65271fc9320ce4913c57747a70ce635b30beaa40"
  integrity sha512-fcOWSnnpCrovBsmFZIGIy9UqK2FaI7Hqax+DIO0A9UxeVoY4iweyaFjS5TavZN97Hfehph0nhsZnjlVKzEQSrQ==
